{
  "name": "puppeteer-heroku-test",
  "version": "1.0.0",
  "lockfileVersion": 1,
  "requires": true,
  "dependencies": {
    "@cliqz/adblocker": {
      "version": "1.20.3",
      "resolved": "https://registry.npmjs.org/@cliqz/adblocker/-/adblocker-1.20.3.tgz",
      "integrity": "sha512-Dqj8fJ399kFsFQ53uW0ajA5jH5VJ5ppawOjtoV2s+7NILj1ydvw40jTrr3l/ObMvxaAGaDUj2Euo4beg3/EtRQ==",
      "requires": {
        "@cliqz/adblocker-content": "^1.20.3",
        "@cliqz/adblocker-extended-selectors": "^1.20.3",
        "@remusao/guess-url-type": "^1.1.2",
        "@remusao/small": "^1.1.2",
        "@remusao/smaz": "^1.7.1",
        "@types/chrome": "^0.0.133",
        "@types/firefox-webext-browser": "^82.0.0",
        "tldts-experimental": "^5.6.21"
      },
      "dependencies": {
        "@types/chrome": {
          "version": "0.0.133",
          "resolved": "https://registry.npmjs.org/@types/chrome/-/chrome-0.0.133.tgz",
          "integrity": "sha512-G8uIUdaCTBILprQvQXBWGXZxjAWbkCkFQit17cdH3zYQEwU8f/etNl8+M7e8MRz9Xj8daHaVpysneMZMx8/ldQ==",
          "requires": {
            "@types/filesystem": "*",
            "@types/har-format": "*"
          }
        }
      }
    },
    "@cliqz/adblocker-content": {
      "version": "1.20.3",
      "resolved": "https://registry.npmjs.org/@cliqz/adblocker-content/-/adblocker-content-1.20.3.tgz",
      "integrity": "sha512-aCBTiIiNgVbmDIQyUcsn0j3n+umvs0DuVlL6dccPE3qfeFxT4whUvMwjxUS2/dIBfJK9A1LywmvVke2eSPw9wg==",
      "requires": {
        "@cliqz/adblocker-extended-selectors": "^1.20.3"
      }
    },
    "@cliqz/adblocker-extended-selectors": {
      "version": "1.20.3",
      "resolved": "https://registry.npmjs.org/@cliqz/adblocker-extended-selectors/-/adblocker-extended-selectors-1.20.3.tgz",
      "integrity": "sha512-Xsrqg4qgpNVx80UJrAz/nS8jcbgCTIGvir0MrjoXrw0GheqRxsgE540XXP9JA7QlifLNVEOO44DpHvhUmISkQw=="
    },
    "@cliqz/adblocker-puppeteer": {
      "version": "1.18.7",
      "resolved": "https://registry.npmjs.org/@cliqz/adblocker-puppeteer/-/adblocker-puppeteer-1.18.7.tgz",
      "integrity": "sha512-uPeoGkheAYVPltq6MRLfR7QA6TfHqyfSWfsnoZhgViIqAP+aJKjAy3sT61j0YdXi0/NZoIMB6l/DMGMuYigvjg==",
      "requires": {
        "@cliqz/adblocker": "^1.18.7",
        "@cliqz/adblocker-content": "^1.18.7",
        "tldts-experimental": "^5.6.21"
      }
    },
    "@remusao/guess-url-type": {
      "version": "1.2.1",
      "resolved": "https://registry.npmjs.org/@remusao/guess-url-type/-/guess-url-type-1.2.1.tgz",
      "integrity": "sha512-rbOqre2jW8STjheOsOaQHLgYBaBZ9Owbdt8NO7WvNZftJlaG3y/K9oOkl8ZUpuFBisIhmBuMEW6c+YrQl5inRA=="
    },
    "@remusao/small": {
      "version": "1.2.1",
      "resolved": "https://registry.npmjs.org/@remusao/small/-/small-1.2.1.tgz",
      "integrity": "sha512-7MjoGt0TJMVw1GPKgWq6SJPws1SLsUXQRa43Umht+nkyw2jnpy3WpiLNqGdwo5rHr5Wp9B2W/Pm5RQp656UJdw=="
    },
    "@remusao/smaz": {
      "version": "1.9.1",
      "resolved": "https://registry.npmjs.org/@remusao/smaz/-/smaz-1.9.1.tgz",
      "integrity": "sha512-e6BLuP8oaXCZ9+v46Is4ilAZ/Vq6YLgmBP204Ixgk1qTjXmqvFYG7+AS7v9nsZdGOy96r9DWGFbbDVgMxwu1rA==",
      "requires": {
        "@remusao/smaz-compress": "^1.9.1",
        "@remusao/smaz-decompress": "^1.9.1"
      }
    },
    "@remusao/smaz-compress": {
      "version": "1.9.1",
      "resolved": "https://registry.npmjs.org/@remusao/smaz-compress/-/smaz-compress-1.9.1.tgz",
      "integrity": "sha512-E2f48TwloQu3r6BdLOGF2aczeH7bJ/32oJGqvzT9SKur0cuUnLcZ7ZXP874E2fwmdE+cXzfC7bKzp79cDnmeyw==",
      "requires": {
        "@remusao/trie": "^1.4.1"
      }
    },
    "@remusao/smaz-decompress": {
      "version": "1.9.1",
      "resolved": "https://registry.npmjs.org/@remusao/smaz-decompress/-/smaz-decompress-1.9.1.tgz",
      "integrity": "sha512-TfjKKprYe3n47od8auhvJ/Ikj9kQTbDTe71ynKlxslrvvUhlIV3VQSuwYuMWMbdz1fIs0H/fxCN1Z8/H3km6/A=="
    },
    "@remusao/trie": {
      "version": "1.4.1",
      "resolved": "https://registry.npmjs.org/@remusao/trie/-/trie-1.4.1.tgz",
      "integrity": "sha512-yvwa+aCyYI/UjeD39BnpMypG8N06l86wIDW1/PAc6ihBRnodIfZDwccxQN3n1t74wduzaz74m4ZMHZnB06567Q=="
    },
    "@types/chrome": {
      "version": "0.0.91",
      "resolved": "https://registry.npmjs.org/@types/chrome/-/chrome-0.0.91.tgz",
      "integrity": "sha512-vNvo9lJkp1AvViWrUwe1bxhoMwr5dRZWlgr1DTuaNkz97LsG56lDX1sceWeZir2gRACJ5vdHtoRdVAvm8C75Ug==",
      "requires": {
        "@types/filesystem": "*"
      }
    },
    "@types/debug": {
      "version": "4.1.5",
      "resolved": "https://registry.npmjs.org/@types/debug/-/debug-4.1.5.tgz",
      "integrity": "sha512-Q1y515GcOdTHgagaVFhHnIFQ38ygs/kmxdNpvpou+raI9UO3YZcHDngBSYKQklcKlvA7iuQlmIKbzvmxcOE9CQ=="
    },
    "@types/filesystem": {
      "version": "0.0.29",
      "resolved": "https://registry.npmjs.org/@types/filesystem/-/filesystem-0.0.29.tgz",
      "integrity": "sha512-85/1KfRedmfPGsbK8YzeaQUyV1FQAvMPMTuWFQ5EkLd2w7szhNO96bk3Rh/SKmOfd9co2rCLf0Voy4o7ECBOvw==",
      "requires": {
        "@types/filewriter": "*"
      }
    },
    "@types/filewriter": {
      "version": "0.0.28",
      "resolved": "https://registry.npmjs.org/@types/filewriter/-/filewriter-0.0.28.tgz",
      "integrity": "sha1-wFTor02d11205jq8dviFFocU1LM="
    },
    "@types/firefox-webext-browser": {
      "version": "82.0.0",
      "resolved": "https://registry.npmjs.org/@types/firefox-webext-browser/-/firefox-webext-browser-82.0.0.tgz",
      "integrity": "sha512-zKHePkjMx42KIUUZCPcUiyu1tpfQXH9VR4iDYfns3HvmKVJzt/TAFT+DFVroos8BI9RH78YgF3Hi/wlC6R6cKA=="
    },
    "@types/har-format": {
      "version": "1.2.5",
      "resolved": "https://registry.npmjs.org/@types/har-format/-/har-format-1.2.5.tgz",
      "integrity": "sha512-IG8AE1m2pWtPqQ7wXhFhy6Q59bwwnLwO36v5Rit2FrbXCIp8Sk8E2PfUCreyrdo17STwFSKDAkitVuVYbpEHvQ=="
    },
    "@types/node": {
      "version": "14.14.35",
      "resolved": "https://registry.npmjs.org/@types/node/-/node-14.14.35.tgz",
      "integrity": "sha512-Lt+wj8NVPx0zUmUwumiVXapmaLUcAk3yPuHCFVXras9k5VT9TdhJqKqGVUQCD60OTMCl0qxJ57OiTL0Mic3Iag=="
    },
    "@types/puppeteer": {
      "version": "5.4.3",
      "resolved": "https://registry.npmjs.org/@types/puppeteer/-/puppeteer-5.4.3.tgz",
      "integrity": "sha512-3nE8YgR9DIsgttLW+eJf6mnXxq8Ge+27m5SU3knWmrlfl6+KOG0Bf9f7Ua7K+C4BnaTMAh3/UpySqdAYvrsvjg==",
      "requires": {
        "@types/node": "*"
      }
    },
    "arr-union": {
      "version": "3.1.0",
      "resolved": "https://registry.npmjs.org/arr-union/-/arr-union-3.1.0.tgz",
      "integrity": "sha1-45sJrqne+Gao8gbiiK9jkZuuOcQ="
    },
    "clone-deep": {
      "version": "0.2.4",
      "resolved": "https://registry.npmjs.org/clone-deep/-/clone-deep-0.2.4.tgz",
      "integrity": "sha1-TnPdCen7lxzDhnDF3O2cGJZIHMY=",
      "requires": {
        "for-own": "^0.1.3",
        "is-plain-object": "^2.0.1",
        "kind-of": "^3.0.2",
        "lazy-cache": "^1.0.3",
        "shallow-clone": "^0.1.2"
      }
    },
    "debug": {
      "version": "4.3.1",
      "resolved": "https://registry.npmjs.org/debug/-/debug-4.3.1.tgz",
      "integrity": "sha512-doEwdvm4PCeK4K3RQN2ZC2BYUBaxwLARCqZmMjtF8a51J2Rb0xpVloFRnCODwqjpwnAoao4pelN8l3RJdv3gRQ==",
      "requires": {
        "ms": "2.1.2"
      }
    },
    "deepmerge": {
      "version": "4.2.2",
      "resolved": "https://registry.npmjs.org/deepmerge/-/deepmerge-4.2.2.tgz",
      "integrity": "sha512-FJ3UgI4gIl+PHZm53knsuSFpE+nESMr7M4v9QcgB7S63Kj/6WqMiFQJpBBYz1Pt+66bZpP3Q7Lye0Oo9MPKEdg=="
    },
    "for-in": {
      "version": "1.0.2",
      "resolved": "https://registry.npmjs.org/for-in/-/for-in-1.0.2.tgz",
      "integrity": "sha1-gQaNKVqBQuwKxybG4iAMMPttXoA="
    },
    "for-own": {
      "version": "0.1.5",
      "resolved": "https://registry.npmjs.org/for-own/-/for-own-0.1.5.tgz",
      "integrity": "sha1-UmXGgaTylNq78XyVCbZ2OqhFEM4=",
      "requires": {
        "for-in": "^1.0.1"
      }
    },
    "is-buffer": {
      "version": "1.1.6",
      "resolved": "https://registry.npmjs.org/is-buffer/-/is-buffer-1.1.6.tgz",
      "integrity": "sha512-NcdALwpXkTm5Zvvbk7owOUSvVvBKDgKP5/ewfXEznmQFfs4ZRmanOeKBTjRVjka3QFoN6XJ+9F3USqfHqTaU5w=="
    },
    "is-extendable": {
      "version": "0.1.1",
      "resolved": "https://registry.npmjs.org/is-extendable/-/is-extendable-0.1.1.tgz",
      "integrity": "sha1-YrEQ4omkcUGOPsNqYX1HLjAd/Ik="
    },
    "is-plain-object": {
      "version": "2.0.4",
      "resolved": "https://registry.npmjs.org/is-plain-object/-/is-plain-object-2.0.4.tgz",
      "integrity": "sha512-h5PpgXkWitc38BBMYawTYMWJHFZJVnBquFE57xFpjB8pJFiF6gZ+bU+WyI/yqXiFR5mdLsgYNaPe8uao6Uv9Og==",
      "requires": {
        "isobject": "^3.0.1"
      }
    },
    "isobject": {
      "version": "3.0.1",
      "resolved": "https://registry.npmjs.org/isobject/-/isobject-3.0.1.tgz",
      "integrity": "sha1-TkMekrEalzFjaqH5yNHMvP2reN8="
    },
    "kind-of": {
      "version": "3.2.2",
      "resolved": "https://registry.npmjs.org/kind-of/-/kind-of-3.2.2.tgz",
      "integrity": "sha1-MeohpzS6ubuw8yRm2JOupR5KPGQ=",
      "requires": {
        "is-buffer": "^1.1.5"
      }
    },
    "lazy-cache": {
      "version": "1.0.4",
      "resolved": "https://registry.npmjs.org/lazy-cache/-/lazy-cache-1.0.4.tgz",
      "integrity": "sha1-odePw6UEdMuAhF07O24dpJpEbo4="
    },
    "merge-deep": {
      "version": "3.0.3",
      "resolved": "https://registry.npmjs.org/merge-deep/-/merge-deep-3.0.3.tgz",
      "integrity": "sha512-qtmzAS6t6grwEkNrunqTBdn0qKwFgNWvlxUbAV8es9M7Ot1EbyApytCnvE0jALPa46ZpKDUo527kKiaWplmlFA==",
      "requires": {
        "arr-union": "^3.1.0",
        "clone-deep": "^0.2.4",
        "kind-of": "^3.0.2"
      }
    },
    "mixin-object": {
      "version": "2.0.1",
      "resolved": "https://registry.npmjs.org/mixin-object/-/mixin-object-2.0.1.tgz",
      "integrity": "sha1-T7lJRB2rGCVA8f4DW6YOGUel5X4=",
      "requires": {
        "for-in": "^0.1.3",
        "is-extendable": "^0.1.1"
      },
      "dependencies": {
        "for-in": {
          "version": "0.1.8",
          "resolved": "https://registry.npmjs.org/for-in/-/for-in-0.1.8.tgz",
          "integrity": "sha1-2Hc5COMSVhCZUrH9ubP6hn0ndeE="
        }
      }
    },
    "ms": {
      "version": "2.1.2",
      "resolved": "https://registry.npmjs.org/ms/-/ms-2.1.2.tgz",
      "integrity": "sha512-sGkPx+VjMtmA6MX27oA4FBFELFCZZ4S4XqeGOXCv68tT+jb3vk/RyaKWP0PTKyWtmLSM0b+adUTEvbs1PEaH2w=="
    },
    "node-fetch": {
      "version": "2.6.1",
      "resolved": "https://registry.npmjs.org/node-fetch/-/node-fetch-2.6.1.tgz",
      "integrity": "sha512-V4aYg89jEoVRxRb2fJdAg8FHvI7cEyYdVAh94HH0UIK8oJxUfkjlDQN9RbMx+bEjP7+ggMiFRprSti032Oipxw=="
    },
    "puppeteer-extra": {
      "version": "3.1.18",
      "resolved": "https://registry.npmjs.org/puppeteer-extra/-/puppeteer-extra-3.1.18.tgz",
      "integrity": "sha512-mGQyAnxaGcZomx7NVC4wgAkZl0MLTdE/GIfwRSbLJ9L4yIxPg9uEA3yiLBe+x09tjhTGEtv8KDef8Bl53RXgiA==",
      "requires": {
        "@types/debug": "^4.1.0",
        "@types/puppeteer": "5.4.3",
        "debug": "^4.1.1",
        "deepmerge": "^4.2.2"
      }
    },
    "puppeteer-extra-plugin": {
      "version": "3.1.9",
      "resolved": "https://registry.npmjs.org/puppeteer-extra-plugin/-/puppeteer-extra-plugin-3.1.9.tgz",
      "integrity": "sha512-LYKj+3wGsnBzwEIpTertyOkzjcTHJn96FDSFXQ4Oo38CFFRw1qRBAJPPtAaMVjuVDqATeNd/RpP4n5jbxeX90g==",
      "requires": {
        "@types/debug": "^4.1.0",
        "debug": "^4.1.1",
        "merge-deep": "^3.0.1"
      }
    },
    "puppeteer-extra-plugin-adblocker": {
      "version": "2.11.11",
      "resolved": "https://registry.npmjs.org/puppeteer-extra-plugin-adblocker/-/puppeteer-extra-plugin-adblocker-2.11.11.tgz",
      "integrity": "sha512-T1lfc/PUw7Ltz1YOlWyuodXlFOa+JLmKozPGD8Ka5fqvJDSGpV7AvVhJPYNdHDXAmqFiHn1VuS2IUkGZMxpjVw==",
      "requires": {
        "@cliqz/adblocker-puppeteer": "1.18.7",
        "@types/chrome": "0.0.91",
        "debug": "^4.1.1",
        "node-fetch": "^2.6.0",
        "puppeteer-extra-plugin": "^3.1.9"
      }
    },
    "shallow-clone": {
      "version": "0.1.2",
      "resolved": "https://registry.npmjs.org/shallow-clone/-/shallow-clone-0.1.2.tgz",
      "integrity": "sha1-WQnodLp3EG1zrEFM/sH/yofZcGA=",
      "requires": {
        "is-extendable": "^0.1.1",
        "kind-of": "^2.0.1",
        "lazy-cache": "^0.2.3",
        "mixin-object": "^2.0.1"
      },
      "dependencies": {
        "kind-of": {
          "version": "2.0.1",
          "resolved": "https://registry.npmjs.org/kind-of/-/kind-of-2.0.1.tgz",
          "integrity": "sha1-AY7HpM5+OobLkUG+UZ0kyPqpgbU=",
          "requires": {
            "is-buffer": "^1.0.2"
          }
        },
        "lazy-cache": {
          "version": "0.2.7",
          "resolved": "https://registry.npmjs.org/lazy-cache/-/lazy-cache-0.2.7.tgz",
          "integrity": "sha1-f+3fLctu23fRHvHRF6tf/fCrG2U="
        }
      }
    },
    "tldts-core": {
      "version": "5.7.16",
      "resolved": "https://registry.npmjs.org/tldts-core/-/tldts-core-5.7.16.tgz",
      "integrity": "sha512-ikgNlCHkT07MPZT7yySxMmT+hW5p4CyYYWKmiQJEA5ImjHG0CZzq1rZIcESgc4sMa1OnK/z9utHOEvAhm4kw6Q=="
    },
    "tldts-experimental": {
      "version": "5.7.16",
      "resolved": "https://registry.npmjs.org/tldts-experimental/-/tldts-experimental-5.7.16.tgz",
      "integrity": "sha512-sFU/42i4UPwl0D0AiVC/8JogcnUiCK0BUyRcXgMjYyyya6jh0ZkVMLRejugkjvF9Muwj/IaRb74/RY6PGa4PKw==",
      "requires": {
        "tldts-core": "^5.7.16"
      }
    }
  }
}
